// !$*UTF8*$!
{
	archiveVersion = 1;
	classes = {
	};
	objectVersion = 56;
	objects = {

/* Begin PBXBuildFile section */
		227EC43B2C4EC62600AF5BBF /* HW8App.swift in Sources */ = {isa = PBXBuildFile; fileRef = 227EC43A2C4EC62600AF5BBF /* HW8App.swift */; };
		227EC43D2C4EC62600AF5BBF /* ContentView.swift in Sources */ = {isa = PBXBuildFile; fileRef = 227EC43C2C4EC62600AF5BBF /* ContentView.swift */; };
		227EC43F2C4EC62800AF5BBF /* Assets.xcassets in Resources */ = {isa = PBXBuildFile; fileRef = 227EC43E2C4EC62800AF5BBF /* Assets.xcassets */; };
		227EC4422C4EC62800AF5BBF /* Preview Assets.xcassets in Resources */ = {isa = PBXBuildFile; fileRef = 227EC4412C4EC62800AF5BBF /* Preview Assets.xcassets */; };
		227EC44B2C4EC69800AF5BBF /* PhotoDetailView.swift in Sources */ = {isa = PBXBuildFile; fileRef = 227EC44A2C4EC69800AF5BBF /* PhotoDetailView.swift */; };
		227EC44D2C4EC6E500AF5BBF /* PhotoStore.swift in Sources */ = {isa = PBXBuildFile; fileRef = 227EC44C2C4EC6E500AF5BBF /* PhotoStore.swift */; };
		227EC44F2C4EC73000AF5BBF /* Photo.swift in Sources */ = {isa = PBXBuildFile; fileRef = 227EC44E2C4EC73000AF5BBF /* Photo.swift */; };
		227EC4512C4EC76000AF5BBF /* PexelsAPI.swift in Sources */ = {isa = PBXBuildFile; fileRef = 227EC4502C4EC76000AF5BBF /* PexelsAPI.swift */; };
		227EC4532C4ED91700AF5BBF /* PexelsInfo.plist in Resources */ = {isa = PBXBuildFile; fileRef = 227EC4522C4ED91700AF5BBF /* PexelsInfo.plist */; };
/* End PBXBuildFile section */

/* Begin PBXFileReference section */
		227EC4372C4EC62600AF5BBF /* HW8.app */ = {isa = PBXFileReference; explicitFileType = wrapper.application; includeInIndex = 0; path = HW8.app; sourceTree = BUILT_PRODUCTS_DIR; };
		227EC43A2C4EC62600AF5BBF /* HW8App.swift */ = {isa = PBXFileReference; lastKnownFileType = sourcecode.swift; path = HW8App.swift; sourceTree = "<group>"; };
		227EC43C2C4EC62600AF5BBF /* ContentView.swift */ = {isa = PBXFileReference; lastKnownFileType = sourcecode.swift; path = ContentView.swift; sourceTree = "<group>"; };
		227EC43E2C4EC62800AF5BBF /* Assets.xcassets */ = {isa = PBXFileReference; lastKnownFileType = folder.assetcatalog; path = Assets.xcassets; sourceTree = "<group>"; };
		227EC4412C4EC62800AF5BBF /* Preview Assets.xcassets */ = {isa = PBXFileReference; lastKnownFileType = folder.assetcatalog; path = "Preview Assets.xcassets"; sourceTree = "<group>"; };
		227EC44A2C4EC69800AF5BBF /* PhotoDetailView.swift */ = {isa = PBXFileReference; lastKnownFileType = sourcecode.swift; path = PhotoDetailView.swift; sourceTree = "<group>"; };
		227EC44C2C4EC6E500AF5BBF /* PhotoStore.swift */ = {isa = PBXFileReference; lastKnownFileType = sourcecode.swift; path = PhotoStore.swift; sourceTree = "<group>"; };
		227EC44E2C4EC73000AF5BBF /* Photo.swift */ = {isa = PBXFileReference; lastKnownFileType = sourcecode.swift; path = Photo.swift; sourceTree = "<group>"; };
		227EC4502C4EC76000AF5BBF /* PexelsAPI.swift */ = {isa = PBXFileReference; lastKnownFileType = sourcecode.swift; path = PexelsAPI.swift; sourceTree = "<group>"; };
		227EC4522C4ED91700AF5BBF /* PexelsInfo.plist */ = {isa = PBXFileReference; lastKnownFileType = text.plist.xml; path = PexelsInfo.plist; sourceTree = "<group>"; };
/* End PBXFileReference section */

/* Begin PBXFrameworksBuildPhase section */
		227EC4342C4EC62600AF5BBF /* Frameworks */ = {
			isa = PBXFrameworksBuildPhase;
			buildActionMask = 2147483647;
			files = (
			);
			runOnlyForDeploymentPostprocessing = 0;
		};
/* End PBXFrameworksBuildPhase section */

/* Begin PBXGroup section */
		227EC42E2C4EC62600AF5BBF = {
			isa = PBXGroup;
			children = (
				227EC4392C4EC62600AF5BBF /* HW8 */,
				227EC4382C4EC62600AF5BBF /* Products */,
			);
			sourceTree = "<group>";
		};
		227EC4382C4EC62600AF5BBF /* Products */ = {
			isa = PBXGroup;
			children = (
				227EC4372C4EC62600AF5BBF /* HW8.app */,
			);
			name = Products;
			sourceTree = "<group>";
		};
		227EC4392C4EC62600AF5BBF /* HW8 */ = {
			isa = PBXGroup;
			children = (
				227EC43A2C4EC62600AF5BBF /* HW8App.swift */,
				227EC4522C4ED91700AF5BBF /* PexelsInfo.plist */,
				227EC4492C4EC66000AF5BBF /* Model */,
				227EC4542C4F21AE00AF5BBF /* ViewModel */,
				227EC4482C4EC63800AF5BBF /* Views */,
				227EC43E2C4EC62800AF5BBF /* Assets.xcassets */,
				227EC4402C4EC62800AF5BBF /* Preview Content */,
			);
			path = HW8;
			sourceTree = "<group>";
		};
		227EC4402C4EC62800AF5BBF /* Preview Content */ = {
			isa = PBXGroup;
			children = (
				227EC4412C4EC62800AF5BBF /* Preview Assets.xcassets */,
			);
			path = "Preview Content";
			sourceTree = "<group>";
		};
		227EC4482C4EC63800AF5BBF /* Views */ = {
			isa = PBXGroup;
			children = (
				227EC43C2C4EC62600AF5BBF /* ContentView.swift */,
				227EC44A2C4EC69800AF5BBF /* PhotoDetailView.swift */,
			);
			path = Views;
			sourceTree = "<group>";
		};
		227EC4492C4EC66000AF5BBF /* Model */ = {
			isa = PBXGroup;
			children = (
				227EC44E2C4EC73000AF5BBF /* Photo.swift */,
			);
			path = Model;
			sourceTree = "<group>";
		};
		227EC4542C4F21AE00AF5BBF /* ViewModel */ = {
			isa = PBXGroup;
			children = (
				227EC4502C4EC76000AF5BBF /* PexelsAPI.swift */,
				227EC44C2C4EC6E500AF5BBF /* PhotoStore.swift */,
			);
			path = ViewModel;
			sourceTree = "<group>";
		};
/* End PBXGroup section */

/* Begin PBXNativeTarget section */
		227EC4362C4EC62600AF5BBF /* HW8 */ = {
			isa = PBXNativeTarget;
			buildConfigurationList = 227EC4452C4EC62800AF5BBF /* Build configuration list for PBXNativeTarget "HW8" */;
			buildPhases = (
				227EC4332C4EC62600AF5BBF /* Sources */,
				227EC4342C4EC62600AF5BBF /* Frameworks */,
				227EC4352C4EC62600AF5BBF /* Resources */,
			);
			buildRules = (
			);
			dependencies = (
			);
			name = HW8;
			productName = HW8;
			productReference = 227EC4372C4EC62600AF5BBF /* HW8.app */;
			productType = "com.apple.product-type.application";
		};
/* End PBXNativeTarget section */

/* Begin PBXProject section */
		227EC42F2C4EC62600AF5BBF /* Project object */ = {
			isa = PBXProject;
			attributes = {
				BuildIndependentTargetsInParallel = 1;
				LastSwiftUpdateCheck = 1540;
				LastUpgradeCheck = 1540;
				TargetAttributes = {
					227EC4362C4EC62600AF5BBF = {
						CreatedOnToolsVersion = 15.4;
					};
				};
			};
			buildConfigurationList = 227EC4322C4EC62600AF5BBF /* Build configuration list for PBXProject "HW8" */;
			compatibilityVersion = "Xcode 14.0";
			developmentRegion = en;
			hasScannedForEncodings = 0;
			knownRegions = (
				en,
				Base,
			);
			mainGroup = 227EC42E2C4EC62600AF5BBF;
			productRefGroup = 227EC4382C4EC62600AF5BBF /* Products */;
			projectDirPath = "";
			projectRoot = "";
			targets = (
				227EC4362C4EC62600AF5BBF /* HW8 */,
			);
		};
/* End PBXProject section */

/* Begin PBXResourcesBuildPhase section */
		227EC4352C4EC62600AF5BBF /* Resources */ = {
			isa = PBXResourcesBuildPhase;
			buildActionMask = 2147483647;
			files = (
				227EC4422C4EC62800AF5BBF /* Preview Assets.xcassets in Resources */,
				227EC43F2C4EC62800AF5BBF /* Assets.xcassets in Resources */,
				227EC4532C4ED91700AF5BBF /* PexelsInfo.plist in Resources */,
			);
			runOnlyForDeploymentPostprocessing = 0;
		};
/* End PBXResourcesBuildPhase section */

/* Begin PBXSourcesBuildPhase section */
		227EC4332C4EC62600AF5BBF /* Sources */ = {
			isa = PBXSourcesBuildPhase;
			buildActionMask = 2147483647;
			files = (
				227EC43D2C4EC62600AF5BBF /* ContentView.swift in Sources */,
				227EC43B2C4EC62600AF5BBF /* HW8App.swift in Sources */,
				227EC44D2C4EC6E500AF5BBF /* PhotoStore.swift in Sources */,
				227EC4512C4EC76000AF5BBF /* PexelsAPI.swift in Sources */,
				227EC44B2C4EC69800AF5BBF /* PhotoDetailView.swift in Sources */,
				227EC44F2C4EC73000AF5BBF /* Photo.swift in Sources */,
			);
			runOnlyForDeploymentPostprocessing = 0;
		};
/* End PBXSourcesBuildPhase section */

/* Begin XCBuildConfiguration section */
		227EC4432C4EC62800AF5BBF /* Debug */ = {
			isa = XCBuildConfiguration;
			buildSettings = {
				ALWAYS_SEARCH_USER_PATHS = NO;
				ASSETCATALOG_COMPILER_GENERATE_SWIFT_ASSET_SYMBOL_EXTENSIONS = YES;
				CLANG_ANALYZER_NONNULL = YES;
				CLANG_ANALYZER_NUMBER_OBJECT_CONVERSION = YES_AGGRESSIVE;
				CLANG_CXX_LANGUAGE_STANDARD = "gnu++20";
				CLANG_ENABLE_MODULES = YES;
				CLANG_ENABLE_OBJC_ARC = YES;
				CLANG_ENABLE_OBJC_WEAK = YES;
				CLANG_WARN_BLOCK_CAPTURE_AUTORELEASING = YES;
				CLANG_WARN_BOOL_CONVERSION = YES;
				CLANG_WARN_COMMA = YES;
				CLANG_WARN_CONSTANT_CONVERSION = YES;
				CLANG_WARN_DEPRECATED_OBJC_IMPLEMENTATIONS = YES;
				CLANG_WARN_DIRECT_OBJC_ISA_USAGE = YES_ERROR;
				CLANG_WARN_DOCUMENTATION_COMMENTS = YES;
				CLANG_WARN_EMPTY_BODY = YES;
				CLANG_WARN_ENUM_CONVERSION = YES;
				CLANG_WARN_INFINITE_RECURSION = YES;
				CLANG_WARN_INT_CONVERSION = YES;
				CLANG_WARN_NON_LITERAL_NULL_CONVERSION = YES;
				CLANG_WARN_OBJC_IMPLICIT_RETAIN_SELF = YES;
				CLANG_WARN_OBJC_LITERAL_CONVERSION = YES;
				CLANG_WARN_OBJC_ROOT_CLASS = YES_ERROR;
				CLANG_WARN_QUOTED_INCLUDE_IN_FRAMEWORK_HEADER = YES;
				CLANG_WARN_RANGE_LOOP_ANALYSIS = YES;
				CLANG_WARN_STRICT_PROTOTYPES = YES;
				CLANG_WARN_SUSPICIOUS_MOVE = YES;
				CLANG_WARN_UNGUARDED_AVAILABILITY = YES_AGGRESSIVE;
				CLANG_WARN_UNREACHABLE_CODE = YES;
				CLANG_WARN__DUPLICATE_METHOD_MATCH = YES;
				COPY_PHASE_STRIP = NO;
				DEBUG_INFORMATION_FORMAT = dwarf;
				ENABLE_STRICT_OBJC_MSGSEND = YES;
				ENABLE_TESTABILITY = YES;
				ENABLE_USER_SCRIPT_SANDBOXING = YES;
				GCC_C_LANGUAGE_STANDARD = gnu17;
				GCC_DYNAMIC_NO_PIC = NO;
				GCC_NO_COMMON_BLOCKS = YES;
				GCC_OPTIMIZATION_LEVEL = 0;
				GCC_PREPROCESSOR_DEFINITIONS = (
					"DEBUG=1",
					"$(inherited)",
				);
				GCC_WARN_64_TO_32_BIT_CONVERSION = YES;
				GCC_WARN_ABOUT_RETURN_TYPE = YES_ERROR;
				GCC_WARN_UNDECLARED_SELECTOR = YES;
				GCC_WARN_UNINITIALIZED_AUTOS = YES_AGGRESSIVE;
				GCC_WARN_UNUSED_FUNCTION = YES;
				GCC_WARN_UNUSED_VARIABLE = YES;
				IPHONEOS_DEPLOYMENT_TARGET = 17.5;
				LOCALIZATION_PREFERS_STRING_CATALOGS = YES;
				MTL_ENABLE_DEBUG_INFO = INCLUDE_SOURCE;
				MTL_FAST_MATH = YES;
				ONLY_ACTIVE_ARCH = YES;
				SDKROOT = iphoneos;
				SWIFT_ACTIVE_COMPILATION_CONDITIONS = "DEBUG $(inherited)";
				SWIFT_OPTIMIZATION_LEVEL = "-Onone";
			};
			name = Debug;
		};
		227EC4442C4EC62800AF5BBF /* Release */ = {
			isa = XCBuildConfiguration;
			buildSettings = {
				ALWAYS_SEARCH_USER_PATHS = NO;
				ASSETCATALOG_COMPILER_GENERATE_SWIFT_ASSET_SYMBOL_EXTENSIONS = YES;
				CLANG_ANALYZER_NONNULL = YES;
				CLANG_ANALYZER_NUMBER_OBJECT_CONVERSION = YES_AGGRESSIVE;
				CLANG_CXX_LANGUAGE_STANDARD = "gnu++20";
				CLANG_ENABLE_MODULES = YES;
				CLANG_ENABLE_OBJC_ARC = YES;
				CLANG_ENABLE_OBJC_WEAK = YES;
				CLANG_WARN_BLOCK_CAPTURE_AUTORELEASING = YES;
				CLANG_WARN_BOOL_CONVERSION = YES;
				CLANG_WARN_COMMA = YES;
				CLANG_WARN_CONSTANT_CONVERSION = YES;
				CLANG_WARN_DEPRECATED_OBJC_IMPLEMENTATIONS = YES;
				CLANG_WARN_DIRECT_OBJC_ISA_USAGE = YES_ERROR;
				CLANG_WARN_DOCUMENTATION_COMMENTS = YES;
				CLANG_WARN_EMPTY_BODY = YES;
				CLANG_WARN_ENUM_CONVERSION = YES;
				CLANG_WARN_INFINITE_RECURSION = YES;
				CLANG_WARN_INT_CONVERSION = YES;
				CLANG_WARN_NON_LITERAL_NULL_CONVERSION = YES;
				CLANG_WARN_OBJC_IMPLICIT_RETAIN_SELF = YES;
				CLANG_WARN_OBJC_LITERAL_CONVERSION = YES;
				CLANG_WARN_OBJC_ROOT_CLASS = YES_ERROR;
				CLANG_WARN_QUOTED_INCLUDE_IN_FRAMEWORK_HEADER = YES;
				CLANG_WARN_RANGE_LOOP_ANALYSIS = YES;
				CLANG_WARN_STRICT_PROTOTYPES = YES;
				CLANG_WARN_SUSPICIOUS_MOVE = YES;
				CLANG_WARN_UNGUARDED_AVAILABILITY = YES_AGGRESSIVE;
				CLANG_WARN_UNREACHABLE_CODE = YES;
				CLANG_WARN__DUPLICATE_METHOD_MATCH = YES;
				COPY_PHASE_STRIP = NO;
				DEBUG_INFORMATION_FORMAT = "dwarf-with-dsym";
				ENABLE_NS_ASSERTIONS = NO;
				ENABLE_STRICT_OBJC_MSGSEND = YES;
				ENABLE_USER_SCRIPT_SANDBOXING = YES;
				GCC_C_LANGUAGE_STANDARD = gnu17;
				GCC_NO_COMMON_BLOCKS = YES;
				GCC_WARN_64_TO_32_BIT_CONVERSION = YES;
				GCC_WARN_ABOUT_RETURN_TYPE = YES_ERROR;
				GCC_WARN_UNDECLARED_SELECTOR = YES;
				GCC_WARN_UNINITIALIZED_AUTOS = YES_AGGRESSIVE;
				GCC_WARN_UNUSED_FUNCTION = YES;
				GCC_WARN_UNUSED_VARIABLE = YES;
				IPHONEOS_DEPLOYMENT_TARGET = 17.5;
				LOCALIZATION_PREFERS_STRING_CATALOGS = YES;
				MTL_ENABLE_DEBUG_INFO = NO;
				MTL_FAST_MATH = YES;
				SDKROOT = iphoneos;
				SWIFT_COMPILATION_MODE = wholemodule;
				VALIDATE_PRODUCT = YES;
			};
			name = Release;
		};
		227EC4462C4EC62800AF5BBF /* Debug */ = {
			isa = XCBuildConfiguration;
			buildSettings = {
				ASSETCATALOG_COMPILER_APPICON_NAME = AppIcon;
				ASSETCATALOG_COMPILER_GLOBAL_ACCENT_COLOR_NAME = AccentColor;
				CODE_SIGN_STYLE = Automatic;
				CURRENT_PROJECT_VERSION = 1;
				DEVELOPMENT_ASSET_PATHS = "\"HW8/Preview Content\"";
				DEVELOPMENT_TEAM = 7QZP6XH48W;
				ENABLE_PREVIEWS = YES;
				GENERATE_INFOPLIST_FILE = YES;
				INFOPLIST_KEY_UIApplicationSceneManifest_Generation = YES;
				INFOPLIST_KEY_UIApplicationSupportsIndirectInputEvents = YES;
				INFOPLIST_KEY_UILaunchScreen_Generation = YES;
				INFOPLIST_KEY_UISupportedInterfaceOrientations_iPad = "UIInterfaceOrientationPortrait UIInterfaceOrientationPortraitUpsideDown UIInterfaceOrientationLandscapeLeft UIInterfaceOrientationLandscapeRight";
				INFOPLIST_KEY_UISupportedInterfaceOrientations_iPhone = "UIInterfaceOrientationPortrait UIInterfaceOrientationLandscapeLeft UIInterfaceOrientationLandscapeRight";
				LD_RUNPATH_SEARCH_PATHS = (
					"$(inherited)",
					"@executable_path/Frameworks",
				);
				MARKETING_VERSION = 1.0;
				PRODUCT_BUNDLE_IDENTIFIER = com.koceco.HW8;
				PRODUCT_NAME = "$(TARGET_NAME)";
				SWIFT_EMIT_LOC_STRINGS = YES;
				SWIFT_VERSION = 5.0;
				TARGETED_DEVICE_FAMILY = "1,2";
			};
			name = Debug;
		};
		227EC4472C4EC62800AF5BBF /* Release */ = {
			isa = XCBuildConfiguration;
			buildSettings = {
				ASSETCATALOG_COMPILER_APPICON_NAME = AppIcon;
				ASSETCATALOG_COMPILER_GLOBAL_ACCENT_COLOR_NAME = AccentColor;
				CODE_SIGN_STYLE = Automatic;
				CURRENT_PROJECT_VERSION = 1;
				DEVELOPMENT_ASSET_PATHS = "\"HW8/Preview Content\"";
				DEVELOPMENT_TEAM = 7QZP6XH48W;
				ENABLE_PREVIEWS = YES;
				GENERATE_INFOPLIST_FILE = YES;
				INFOPLIST_KEY_UIApplicationSceneManifest_Generation = YES;
				INFOPLIST_KEY_UIApplicationSupportsIndirectInputEvents = YES;
				INFOPLIST_KEY_UILaunchScreen_Generation = YES;
				INFOPLIST_KEY_UISupportedInterfaceOrientations_iPad = "UIInterfaceOrientationPortrait UIInterfaceOrientationPortraitUpsideDown UIInterfaceOrientationLandscapeLeft UIInterfaceOrientationLandscapeRight";
				INFOPLIST_KEY_UISupportedInterfaceOrientations_iPhone = "UIInterfaceOrientationPortrait UIInterfaceOrientationLandscapeLeft UIInterfaceOrientationLandscapeRight";
				LD_RUNPATH_SEARCH_PATHS = (
					"$(inherited)",
					"@executable_path/Frameworks",
				);
				MARKETING_VERSION = 1.0;
				PRODUCT_BUNDLE_IDENTIFIER = com.koceco.HW8;
				PRODUCT_NAME = "$(TARGET_NAME)";
				SWIFT_EMIT_LOC_STRINGS = YES;
				SWIFT_VERSION = 5.0;
				TARGETED_DEVICE_FAMILY = "1,2";
			};
			name = Release;
		};
/* End XCBuildConfiguration section */

/* Begin XCConfigurationList section */
		227EC4322C4EC62600AF5BBF /* Build configuration list for PBXProject "HW8" */ = {
			isa = XCConfigurationList;
			buildConfigurations = (
				227EC4432C4EC62800AF5BBF /* Debug */,
				227EC4442C4EC62800AF5BBF /* Release */,
			);
			defaultConfigurationIsVisible = 0;
			defaultConfigurationName = Release;
		};
		227EC4452C4EC62800AF5BBF /* Build configuration list for PBXNativeTarget "HW8" */ = {
			isa = XCConfigurationList;
			buildConfigurations = (
				227EC4462C4EC62800AF5BBF /* Debug */,
				227EC4472C4EC62800AF5BBF /* Release */,
			);
			defaultConfigurationIsVisible = 0;
			defaultConfigurationName = Release;
		};
/* End XCConfigurationList section */
	};
	rootObject = 227EC42F2C4EC62600AF5BBF /* Project object */;
}
